
Microsoft Visual Studio Solution File, Format Version 12.00
# Visual Studio Version 17
VisualStudioVersion = 17.13.35931.197
MinimumVisualStudioVersion = 10.0.40219.1
Project("{2150E333-8FDC-42A3-9474-1A3956D46DE8}") = "Site", "Site", "{5F60D309-75AA-4611-BD5D-C8ED7EB9EBAD}"
EndProject
Project("{FAE04EC0-301F-11D3-BF4B-00C04F79EFBC}") = "Site.Domain", "Site\Site.Domain\Site.Domain.csproj", "{3C875405-24A0-4C43-AC16-3BC6C013AEC6}"
EndProject
Project("{FAE04EC0-301F-11D3-BF4B-00C04F79EFBC}") = "Site.Infrastructure", "Site\Site.Infrastructure\Site.Infrastructure.csproj", "{CA9A2584-7708-498A-B695-32248043E4DD}"
EndProject
Project("{FAE04EC0-301F-11D3-BF4B-00C04F79EFBC}") = "Site.Config", "Site\Site.Config\Site.Config.csproj", "{11F350A3-5212-4915-AA90-73C2BF3253D9}"
EndProject
Project("{FAE04EC0-301F-11D3-BF4B-00C04F79EFBC}") = "Site.Application", "Site\Site.Application\Site.Application.csproj", "{84930849-DB5C-46AC-8D84-F7ABA2922B6E}"
EndProject
Project("{2150E333-8FDC-42A3-9474-1A3956D46DE8}") = "EndPoints", "EndPoints", "{8DB878C6-1B17-4388-BF1E-1A2FAE7F1B0D}"
EndProject
Project("{FAE04EC0-301F-11D3-BF4B-00C04F79EFBC}") = "Site.Endpoint", "Site\EndPoints\Site.Endpoint\Site.Endpoint.csproj", "{B36FBB80-E91D-48E8-81B8-1ACEF851EB9C}"
EndProject
Project("{FAE04EC0-301F-11D3-BF4B-00C04F79EFBC}") = "Site.Facade", "Site\Site.Facade\Site.Facade.csproj", "{C9C08C8E-339C-42FA-9531-E4399ED82022}"
EndProject
Project("{FAE04EC0-301F-11D3-BF4B-00C04F79EFBC}") = "Site.Query", "Site\Site.Query\Site.Query.csproj", "{BCE91855-9B4D-48CF-8B9B-DEB2D77C4AF7}"
EndProject
Global
	GlobalSection(SolutionConfigurationPlatforms) = preSolution
		Debug|Any CPU = Debug|Any CPU
		Debug|x64 = Debug|x64
		Debug|x86 = Debug|x86
		Release|Any CPU = Release|Any CPU
		Release|x64 = Release|x64
		Release|x86 = Release|x86
	EndGlobalSection
	GlobalSection(ProjectConfigurationPlatforms) = postSolution
		{3C875405-24A0-4C43-AC16-3BC6C013AEC6}.Debug|Any CPU.ActiveCfg = Debug|Any CPU
		{3C875405-24A0-4C43-AC16-3BC6C013AEC6}.Debug|Any CPU.Build.0 = Debug|Any CPU
		{3C875405-24A0-4C43-AC16-3BC6C013AEC6}.Debug|x64.ActiveCfg = Debug|Any CPU
		{3C875405-24A0-4C43-AC16-3BC6C013AEC6}.Debug|x64.Build.0 = Debug|Any CPU
		{3C875405-24A0-4C43-AC16-3BC6C013AEC6}.Debug|x86.ActiveCfg = Debug|Any CPU
		{3C875405-24A0-4C43-AC16-3BC6C013AEC6}.Debug|x86.Build.0 = Debug|Any CPU
		{3C875405-24A0-4C43-AC16-3BC6C013AEC6}.Release|Any CPU.ActiveCfg = Release|Any CPU
		{3C875405-24A0-4C43-AC16-3BC6C013AEC6}.Release|Any CPU.Build.0 = Release|Any CPU
		{3C875405-24A0-4C43-AC16-3BC6C013AEC6}.Release|x64.ActiveCfg = Release|Any CPU
		{3C875405-24A0-4C43-AC16-3BC6C013AEC6}.Release|x64.Build.0 = Release|Any CPU
		{3C875405-24A0-4C43-AC16-3BC6C013AEC6}.Release|x86.ActiveCfg = Release|Any CPU
		{3C875405-24A0-4C43-AC16-3BC6C013AEC6}.Release|x86.Build.0 = Release|Any CPU
		{CA9A2584-7708-498A-B695-32248043E4DD}.Debug|Any CPU.ActiveCfg = Debug|Any CPU
		{CA9A2584-7708-498A-B695-32248043E4DD}.Debug|Any CPU.Build.0 = Debug|Any CPU
		{CA9A2584-7708-498A-B695-32248043E4DD}.Debug|x64.ActiveCfg = Debug|Any CPU
		{CA9A2584-7708-498A-B695-32248043E4DD}.Debug|x64.Build.0 = Debug|Any CPU
		{CA9A2584-7708-498A-B695-32248043E4DD}.Debug|x86.ActiveCfg = Debug|Any CPU
		{CA9A2584-7708-498A-B695-32248043E4DD}.Debug|x86.Build.0 = Debug|Any CPU
		{CA9A2584-7708-498A-B695-32248043E4DD}.Release|Any CPU.ActiveCfg = Release|Any CPU
		{CA9A2584-7708-498A-B695-32248043E4DD}.Release|Any CPU.Build.0 = Release|Any CPU
		{CA9A2584-7708-498A-B695-32248043E4DD}.Release|x64.ActiveCfg = Release|Any CPU
		{CA9A2584-7708-498A-B695-32248043E4DD}.Release|x64.Build.0 = Release|Any CPU
		{CA9A2584-7708-498A-B695-32248043E4DD}.Release|x86.ActiveCfg = Release|Any CPU
		{CA9A2584-7708-498A-B695-32248043E4DD}.Release|x86.Build.0 = Release|Any CPU
		{11F350A3-5212-4915-AA90-73C2BF3253D9}.Debug|Any CPU.ActiveCfg = Debug|Any CPU
		{11F350A3-5212-4915-AA90-73C2BF3253D9}.Debug|Any CPU.Build.0 = Debug|Any CPU
		{11F350A3-5212-4915-AA90-73C2BF3253D9}.Debug|x64.ActiveCfg = Debug|Any CPU
		{11F350A3-5212-4915-AA90-73C2BF3253D9}.Debug|x64.Build.0 = Debug|Any CPU
		{11F350A3-5212-4915-AA90-73C2BF3253D9}.Debug|x86.ActiveCfg = Debug|Any CPU
		{11F350A3-5212-4915-AA90-73C2BF3253D9}.Debug|x86.Build.0 = Debug|Any CPU
		{11F350A3-5212-4915-AA90-73C2BF3253D9}.Release|Any CPU.ActiveCfg = Release|Any CPU
		{11F350A3-5212-4915-AA90-73C2BF3253D9}.Release|Any CPU.Build.0 = Release|Any CPU
		{11F350A3-5212-4915-AA90-73C2BF3253D9}.Release|x64.ActiveCfg = Release|Any CPU
		{11F350A3-5212-4915-AA90-73C2BF3253D9}.Release|x64.Build.0 = Release|Any CPU
		{11F350A3-5212-4915-AA90-73C2BF3253D9}.Release|x86.ActiveCfg = Release|Any CPU
		{11F350A3-5212-4915-AA90-73C2BF3253D9}.Release|x86.Build.0 = Release|Any CPU
		{84930849-DB5C-46AC-8D84-F7ABA2922B6E}.Debug|Any CPU.ActiveCfg = Debug|Any CPU
		{84930849-DB5C-46AC-8D84-F7ABA2922B6E}.Debug|Any CPU.Build.0 = Debug|Any CPU
		{84930849-DB5C-46AC-8D84-F7ABA2922B6E}.Debug|x64.ActiveCfg = Debug|Any CPU
		{84930849-DB5C-46AC-8D84-F7ABA2922B6E}.Debug|x64.Build.0 = Debug|Any CPU
		{84930849-DB5C-46AC-8D84-F7ABA2922B6E}.Debug|x86.ActiveCfg = Debug|Any CPU
		{84930849-DB5C-46AC-8D84-F7ABA2922B6E}.Debug|x86.Build.0 = Debug|Any CPU
		{84930849-DB5C-46AC-8D84-F7ABA2922B6E}.Release|Any CPU.ActiveCfg = Release|Any CPU
		{84930849-DB5C-46AC-8D84-F7ABA2922B6E}.Release|Any CPU.Build.0 = Release|Any CPU
		{84930849-DB5C-46AC-8D84-F7ABA2922B6E}.Release|x64.ActiveCfg = Release|Any CPU
		{84930849-DB5C-46AC-8D84-F7ABA2922B6E}.Release|x64.Build.0 = Release|Any CPU
		{84930849-DB5C-46AC-8D84-F7ABA2922B6E}.Release|x86.ActiveCfg = Release|Any CPU
		{84930849-DB5C-46AC-8D84-F7ABA2922B6E}.Release|x86.Build.0 = Release|Any CPU
		{B36FBB80-E91D-48E8-81B8-1ACEF851EB9C}.Debug|Any CPU.ActiveCfg = Debug|Any CPU
		{B36FBB80-E91D-48E8-81B8-1ACEF851EB9C}.Debug|Any CPU.Build.0 = Debug|Any CPU
		{B36FBB80-E91D-48E8-81B8-1ACEF851EB9C}.Debug|x64.ActiveCfg = Debug|Any CPU
		{B36FBB80-E91D-48E8-81B8-1ACEF851EB9C}.Debug|x64.Build.0 = Debug|Any CPU
		{B36FBB80-E91D-48E8-81B8-1ACEF851EB9C}.Debug|x86.ActiveCfg = Debug|Any CPU
		{B36FBB80-E91D-48E8-81B8-1ACEF851EB9C}.Debug|x86.Build.0 = Debug|Any CPU
		{B36FBB80-E91D-48E8-81B8-1ACEF851EB9C}.Release|Any CPU.ActiveCfg = Release|Any CPU
		{B36FBB80-E91D-48E8-81B8-1ACEF851EB9C}.Release|Any CPU.Build.0 = Release|Any CPU
		{B36FBB80-E91D-48E8-81B8-1ACEF851EB9C}.Release|x64.ActiveCfg = Release|Any CPU
		{B36FBB80-E91D-48E8-81B8-1ACEF851EB9C}.Release|x64.Build.0 = Release|Any CPU
		{B36FBB80-E91D-48E8-81B8-1ACEF851EB9C}.Release|x86.ActiveCfg = Release|Any CPU
		{B36FBB80-E91D-48E8-81B8-1ACEF851EB9C}.Release|x86.Build.0 = Release|Any CPU
		{C9C08C8E-339C-42FA-9531-E4399ED82022}.Debug|Any CPU.ActiveCfg = Debug|Any CPU
		{C9C08C8E-339C-42FA-9531-E4399ED82022}.Debug|Any CPU.Build.0 = Debug|Any CPU
		{C9C08C8E-339C-42FA-9531-E4399ED82022}.Debug|x64.ActiveCfg = Debug|Any CPU
		{C9C08C8E-339C-42FA-9531-E4399ED82022}.Debug|x64.Build.0 = Debug|Any CPU
		{C9C08C8E-339C-42FA-9531-E4399ED82022}.Debug|x86.ActiveCfg = Debug|Any CPU
		{C9C08C8E-339C-42FA-9531-E4399ED82022}.Debug|x86.Build.0 = Debug|Any CPU
		{C9C08C8E-339C-42FA-9531-E4399ED82022}.Release|Any CPU.ActiveCfg = Release|Any CPU
		{C9C08C8E-339C-42FA-9531-E4399ED82022}.Release|Any CPU.Build.0 = Release|Any CPU
		{C9C08C8E-339C-42FA-9531-E4399ED82022}.Release|x64.ActiveCfg = Release|Any CPU
		{C9C08C8E-339C-42FA-9531-E4399ED82022}.Release|x64.Build.0 = Release|Any CPU
		{C9C08C8E-339C-42FA-9531-E4399ED82022}.Release|x86.ActiveCfg = Release|Any CPU
		{C9C08C8E-339C-42FA-9531-E4399ED82022}.Release|x86.Build.0 = Release|Any CPU
		{BCE91855-9B4D-48CF-8B9B-DEB2D77C4AF7}.Debug|Any CPU.ActiveCfg = Debug|Any CPU
		{BCE91855-9B4D-48CF-8B9B-DEB2D77C4AF7}.Debug|Any CPU.Build.0 = Debug|Any CPU
		{BCE91855-9B4D-48CF-8B9B-DEB2D77C4AF7}.Debug|x64.ActiveCfg = Debug|Any CPU
		{BCE91855-9B4D-48CF-8B9B-DEB2D77C4AF7}.Debug|x64.Build.0 = Debug|Any CPU
		{BCE91855-9B4D-48CF-8B9B-DEB2D77C4AF7}.Debug|x86.ActiveCfg = Debug|Any CPU
		{BCE91855-9B4D-48CF-8B9B-DEB2D77C4AF7}.Debug|x86.Build.0 = Debug|Any CPU
		{BCE91855-9B4D-48CF-8B9B-DEB2D77C4AF7}.Release|Any CPU.ActiveCfg = Release|Any CPU
		{BCE91855-9B4D-48CF-8B9B-DEB2D77C4AF7}.Release|Any CPU.Build.0 = Release|Any CPU
		{BCE91855-9B4D-48CF-8B9B-DEB2D77C4AF7}.Release|x64.ActiveCfg = Release|Any CPU
		{BCE91855-9B4D-48CF-8B9B-DEB2D77C4AF7}.Release|x64.Build.0 = Release|Any CPU
		{BCE91855-9B4D-48CF-8B9B-DEB2D77C4AF7}.Release|x86.ActiveCfg = Release|Any CPU
		{BCE91855-9B4D-48CF-8B9B-DEB2D77C4AF7}.Release|x86.Build.0 = Release|Any CPU
	EndGlobalSection
	GlobalSection(SolutionProperties) = preSolution
		HideSolutionNode = FALSE
	EndGlobalSection
	GlobalSection(NestedProjects) = preSolution
		{3C875405-24A0-4C43-AC16-3BC6C013AEC6} = {5F60D309-75AA-4611-BD5D-C8ED7EB9EBAD}
		{CA9A2584-7708-498A-B695-32248043E4DD} = {5F60D309-75AA-4611-BD5D-C8ED7EB9EBAD}
		{11F350A3-5212-4915-AA90-73C2BF3253D9} = {5F60D309-75AA-4611-BD5D-C8ED7EB9EBAD}
		{84930849-DB5C-46AC-8D84-F7ABA2922B6E} = {5F60D309-75AA-4611-BD5D-C8ED7EB9EBAD}
		{8DB878C6-1B17-4388-BF1E-1A2FAE7F1B0D} = {5F60D309-75AA-4611-BD5D-C8ED7EB9EBAD}
		{B36FBB80-E91D-48E8-81B8-1ACEF851EB9C} = {8DB878C6-1B17-4388-BF1E-1A2FAE7F1B0D}
		{C9C08C8E-339C-42FA-9531-E4399ED82022} = {5F60D309-75AA-4611-BD5D-C8ED7EB9EBAD}
		{BCE91855-9B4D-48CF-8B9B-DEB2D77C4AF7} = {5F60D309-75AA-4611-BD5D-C8ED7EB9EBAD}
	EndGlobalSection
	GlobalSection(ExtensibilityGlobals) = postSolution
		SolutionGuid = {A8F00297-1C0B-406A-ACE0-EA9A9AA9A724}
	EndGlobalSection
EndGlobal
